
Microsoft Visual Studio Solution File, Format Version 12.00
#
VisualStudioVersion = 17.5.002.0
MinimumVisualStudioVersion = 
Project("{2150E333-8FDC-42A3-9474-1A3956D46DE8}") = "Tutorial4", "Tutorial4", "{37E7D0FD-A5C2-48B1-9C48-EDEA137C593A}"
EndProject
Project("{FAE04EC0-301F-11D3-BF4B-00C04F79EFBC}") = "Tutorial4.Showcase", "Tutorial4.Showcase\Tutorial4.Showcase.csproj", "{637652CC-8598-488F-BD3E-F94552C669FC}"
EndProject
Project("{FAE04EC0-301F-11D3-BF4B-00C04F79EFBC}") = "Tutorial5.Showcase", "Tutorial5.Showcase\Tutorial5.Showcase.csproj", "{5E4FAEEE-F3CD-4561-A07F-F329DFC39208}"
EndProject
Project("{2150E333-8FDC-42A3-9474-1A3956D46DE8}") = "Tutorial6", "Tutorial6", "{4A1106AC-7E00-4A4E-9D11-6E60A23401AC}"
EndProject
Project("{FAE04EC0-301F-11D3-BF4B-00C04F79EFBC}") = "Tutorial6.Showcase.Json", "Tutorial6.Showcase.Json\Tutorial6.Showcase.Json.csproj", "{BBC7CC5F-891D-4A70-A396-482127CA02D8}"
EndProject
Project("{FAE04EC0-301F-11D3-BF4B-00C04F79EFBC}") = "Tutorial6.Showcase", "Tutorial6.Showcase\Tutorial6.Showcase.csproj", "{D61A7574-3362-4E1C-82F6-26D5ECA92CE7}"
EndProject
Project("{2150E333-8FDC-42A3-9474-1A3956D46DE8}") = "Tutorial7", "Tutorial7", "{4E3D7924-852C-4010-9092-F3A1461F55EF}"
EndProject
Project("{2150E333-8FDC-42A3-9474-1A3956D46DE8}") = "src", "src", "{7DAA7F07-C7A9-45EB-B056-2B2B09240440}"
EndProject
Project("{FAE04EC0-301F-11D3-BF4B-00C04F79EFBC}") = "Tutorial7.Showcase.API", "Tutorial7.Showcase\src\Tutorial7.Showcase.API\Tutorial7.Showcase.API.csproj", "{B3483D02-8CFD-41D1-96DD-98F43CB0BB41}"
EndProject
Project("{FAE04EC0-301F-11D3-BF4B-00C04F79EFBC}") = "Tutorial7.Showcase.Entities", "Tutorial7.Showcase\src\Tutorial7.Showcase.Entities\Tutorial7.Showcase.Entities.csproj", "{64EB25DC-5232-43D5-A6B8-656B3665AF5D}"
EndProject
Project("{FAE04EC0-301F-11D3-BF4B-00C04F79EFBC}") = "Tutorial7.Showcase.Infrastrucutre", "Tutorial7.Showcase\src\Tutorial7.Showcase.Infrastrucutre\Tutorial7.Showcase.Infrastrucutre.csproj", "{2466A998-4915-4298-B5A2-EEFF02317B44}"
EndProject
Project("{FAE04EC0-301F-11D3-BF4B-00C04F79EFBC}") = "Tutorial7.Showcase.Application", "Tutorial7.Showcase\src\Tutorial7.Showcase.Application\Tutorial7.Showcase.Application.csproj", "{38CCDA50-CBF7-4924-8755-F8B5FA7692B4}"
EndProject
Project("{2150E333-8FDC-42A3-9474-1A3956D46DE8}") = "Tutorial8", "Tutorial8", "{89FD61C0-1633-4A7B-B888-D42622A5C81C}"
EndProject
Project("{2150E333-8FDC-42A3-9474-1A3956D46DE8}") = "Tutorial5", "Tutorial5", "{8CAB15B6-8DDD-433E-B309-0CEC6CA4AA11}"
EndProject
Project("{FAE04EC0-301F-11D3-BF4B-00C04F79EFBC}") = "Tutorial8.Showcase", "Tutorial8.Showcase\Tutorial8.Showcase.csproj", "{2C0B84BA-4B29-4FBE-A405-F2A7AAF1EE1F}"
EndProject
Project("{2150E333-8FDC-42A3-9474-1A3956D46DE8}") = "Tutorial10", "Tutorial10", "{E5DD6EC0-6FB1-4B8D-9BF5-FCBC8FC3FAC6}"
EndProject
Project("{FAE04EC0-301F-11D3-BF4B-00C04F79EFBC}") = "Tutorial10.RestApi", "Tutorial10.Showcase\src\Tutorial10.RestApi\Tutorial10.RestApi.csproj", "{5692EEAA-9D11-4B12-BEEB-12830FC3F726}"
EndProject
Global
	GlobalSection(SolutionConfigurationPlatforms) = preSolution
		Debug|Any CPU = Debug|Any CPU
		Release|Any CPU = Release|Any CPU
	EndGlobalSection
	GlobalSection(ProjectConfigurationPlatforms) = postSolution
		{637652CC-8598-488F-BD3E-F94552C669FC}.Debug|Any CPU.ActiveCfg = Debug|Any CPU
		{637652CC-8598-488F-BD3E-F94552C669FC}.Debug|Any CPU.Build.0 = Debug|Any CPU
		{637652CC-8598-488F-BD3E-F94552C669FC}.Release|Any CPU.ActiveCfg = Release|Any CPU
		{637652CC-8598-488F-BD3E-F94552C669FC}.Release|Any CPU.Build.0 = Release|Any CPU
		{5E4FAEEE-F3CD-4561-A07F-F329DFC39208}.Debug|Any CPU.ActiveCfg = Debug|Any CPU
		{5E4FAEEE-F3CD-4561-A07F-F329DFC39208}.Debug|Any CPU.Build.0 = Debug|Any CPU
		{5E4FAEEE-F3CD-4561-A07F-F329DFC39208}.Release|Any CPU.ActiveCfg = Release|Any CPU
		{5E4FAEEE-F3CD-4561-A07F-F329DFC39208}.Release|Any CPU.Build.0 = Release|Any CPU
		{BBC7CC5F-891D-4A70-A396-482127CA02D8}.Debug|Any CPU.ActiveCfg = Debug|Any CPU
		{BBC7CC5F-891D-4A70-A396-482127CA02D8}.Debug|Any CPU.Build.0 = Debug|Any CPU
		{BBC7CC5F-891D-4A70-A396-482127CA02D8}.Release|Any CPU.ActiveCfg = Release|Any CPU
		{BBC7CC5F-891D-4A70-A396-482127CA02D8}.Release|Any CPU.Build.0 = Release|Any CPU
		{D61A7574-3362-4E1C-82F6-26D5ECA92CE7}.Debug|Any CPU.ActiveCfg = Debug|Any CPU
		{D61A7574-3362-4E1C-82F6-26D5ECA92CE7}.Debug|Any CPU.Build.0 = Debug|Any CPU
		{D61A7574-3362-4E1C-82F6-26D5ECA92CE7}.Release|Any CPU.ActiveCfg = Release|Any CPU
		{D61A7574-3362-4E1C-82F6-26D5ECA92CE7}.Release|Any CPU.Build.0 = Release|Any CPU
		{B3483D02-8CFD-41D1-96DD-98F43CB0BB41}.Debug|Any CPU.ActiveCfg = Debug|Any CPU
		{B3483D02-8CFD-41D1-96DD-98F43CB0BB41}.Debug|Any CPU.Build.0 = Debug|Any CPU
		{B3483D02-8CFD-41D1-96DD-98F43CB0BB41}.Release|Any CPU.ActiveCfg = Release|Any CPU
		{B3483D02-8CFD-41D1-96DD-98F43CB0BB41}.Release|Any CPU.Build.0 = Release|Any CPU
		{64EB25DC-5232-43D5-A6B8-656B3665AF5D}.Debug|Any CPU.ActiveCfg = Debug|Any CPU
		{64EB25DC-5232-43D5-A6B8-656B3665AF5D}.Debug|Any CPU.Build.0 = Debug|Any CPU
		{64EB25DC-5232-43D5-A6B8-656B3665AF5D}.Release|Any CPU.ActiveCfg = Release|Any CPU
		{64EB25DC-5232-43D5-A6B8-656B3665AF5D}.Release|Any CPU.Build.0 = Release|Any CPU
		{2466A998-4915-4298-B5A2-EEFF02317B44}.Debug|Any CPU.ActiveCfg = Debug|Any CPU
		{2466A998-4915-4298-B5A2-EEFF02317B44}.Debug|Any CPU.Build.0 = Debug|Any CPU
		{2466A998-4915-4298-B5A2-EEFF02317B44}.Release|Any CPU.ActiveCfg = Release|Any CPU
		{2466A998-4915-4298-B5A2-EEFF02317B44}.Release|Any CPU.Build.0 = Release|Any CPU
		{38CCDA50-CBF7-4924-8755-F8B5FA7692B4}.Debug|Any CPU.ActiveCfg = Debug|Any CPU
		{38CCDA50-CBF7-4924-8755-F8B5FA7692B4}.Debug|Any CPU.Build.0 = Debug|Any CPU
		{38CCDA50-CBF7-4924-8755-F8B5FA7692B4}.Release|Any CPU.ActiveCfg = Release|Any CPU
		{38CCDA50-CBF7-4924-8755-F8B5FA7692B4}.Release|Any CPU.Build.0 = Release|Any CPU
		{2C0B84BA-4B29-4FBE-A405-F2A7AAF1EE1F}.Debug|Any CPU.ActiveCfg = Debug|Any CPU
		{2C0B84BA-4B29-4FBE-A405-F2A7AAF1EE1F}.Debug|Any CPU.Build.0 = Debug|Any CPU
		{2C0B84BA-4B29-4FBE-A405-F2A7AAF1EE1F}.Release|Any CPU.ActiveCfg = Release|Any CPU
		{2C0B84BA-4B29-4FBE-A405-F2A7AAF1EE1F}.Release|Any CPU.Build.0 = Release|Any CPU
		{5692EEAA-9D11-4B12-BEEB-12830FC3F726}.Debug|Any CPU.ActiveCfg = Debug|Any CPU
		{5692EEAA-9D11-4B12-BEEB-12830FC3F726}.Debug|Any CPU.Build.0 = Debug|Any CPU
		{5692EEAA-9D11-4B12-BEEB-12830FC3F726}.Release|Any CPU.ActiveCfg = Release|Any CPU
		{5692EEAA-9D11-4B12-BEEB-12830FC3F726}.Release|Any CPU.Build.0 = Release|Any CPU
	EndGlobalSection
	GlobalSection(SolutionProperties) = preSolution
		HideSolutionNode = FALSE
	EndGlobalSection
	GlobalSection(NestedProjects) = preSolution
		{637652CC-8598-488F-BD3E-F94552C669FC} = {37E7D0FD-A5C2-48B1-9C48-EDEA137C593A}
		{BBC7CC5F-891D-4A70-A396-482127CA02D8} = {4A1106AC-7E00-4A4E-9D11-6E60A23401AC}
		{D61A7574-3362-4E1C-82F6-26D5ECA92CE7} = {4A1106AC-7E00-4A4E-9D11-6E60A23401AC}
		{7DAA7F07-C7A9-45EB-B056-2B2B09240440} = {4E3D7924-852C-4010-9092-F3A1461F55EF}
		{B3483D02-8CFD-41D1-96DD-98F43CB0BB41} = {7DAA7F07-C7A9-45EB-B056-2B2B09240440}
		{64EB25DC-5232-43D5-A6B8-656B3665AF5D} = {7DAA7F07-C7A9-45EB-B056-2B2B09240440}
		{2466A998-4915-4298-B5A2-EEFF02317B44} = {7DAA7F07-C7A9-45EB-B056-2B2B09240440}
		{38CCDA50-CBF7-4924-8755-F8B5FA7692B4} = {7DAA7F07-C7A9-45EB-B056-2B2B09240440}
		{5E4FAEEE-F3CD-4561-A07F-F329DFC39208} = {8CAB15B6-8DDD-433E-B309-0CEC6CA4AA11}
		{2C0B84BA-4B29-4FBE-A405-F2A7AAF1EE1F} = {89FD61C0-1633-4A7B-B888-D42622A5C81C}
		{5692EEAA-9D11-4B12-BEEB-12830FC3F726} = {E5DD6EC0-6FB1-4B8D-9BF5-FCBC8FC3FAC6}
	EndGlobalSection
EndGlobal
