
Microsoft Visual Studio Solution File, Format Version 12.00
Project("{2150E333-8FDC-42A3-9474-1A3956D46DE8}") = "Tutorial4", "Tutorial4", "{37E7D0FD-A5C2-48B1-9C48-EDEA137C593A}"
EndProject
Project("{FAE04EC0-301F-11D3-BF4B-00C04F79EFBC}") = "Tutorial4.Showcase", "Tutorial4.Showcase\Tutorial4.Showcase.csproj", "{637652CC-8598-488F-BD3E-F94552C669FC}"
EndProject
Global
	GlobalSection(SolutionConfigurationPlatforms) = preSolution
		Debug|Any CPU = Debug|Any CPU
		Release|Any CPU = Release|Any CPU
	EndGlobalSection
	GlobalSection(NestedProjects) = preSolution
		{637652CC-8598-488F-BD3E-F94552C669FC} = {37E7D0FD-A5C2-48B1-9C48-EDEA137C593A}
	EndGlobalSection
	GlobalSection(ProjectConfigurationPlatforms) = postSolution
		{637652CC-8598-488F-BD3E-F94552C669FC}.Debug|Any CPU.ActiveCfg = Debug|Any CPU
		{637652CC-8598-488F-BD3E-F94552C669FC}.Debug|Any CPU.Build.0 = Debug|Any CPU
		{637652CC-8598-488F-BD3E-F94552C669FC}.Release|Any CPU.ActiveCfg = Release|Any CPU
		{637652CC-8598-488F-BD3E-F94552C669FC}.Release|Any CPU.Build.0 = Release|Any CPU
	EndGlobalSection
EndGlobal
